
Microsoft Visual Studio Solution File, Format Version 12.00
# Visual Studio Version 17
VisualStudioVersion = 17.4.33110.190
MinimumVisualStudioVersion = 10.0.40219.1
Project("{FAE04EC0-301F-11D3-BF4B-00C04F79EFBC}") = "JetstreamServiceNET", "JetstreamServiceNET\JetstreamServiceNET.csproj", "{917E32C5-D4D0-4951-B0FA-AA2800217A43}"
EndProject
Global
	GlobalSection(SolutionConfigurationPlatforms) = preSolution
		Debug|Any CPU = Debug|Any CPU
		Release|Any CPU = Release|Any CPU
	EndGlobalSection
	GlobalSection(ProjectConfigurationPlatforms) = postSolution
		{917E32C5-D4D0-4951-B0FA-AA2800217A43}.Debug|Any CPU.ActiveCfg = Debug|Any CPU
		{917E32C5-D4D0-4951-B0FA-AA2800217A43}.Debug|Any CPU.Build.0 = Debug|Any CPU
		{917E32C5-D4D0-4951-B0FA-AA2800217A43}.Release|Any CPU.ActiveCfg = Release|Any CPU
		{917E32C5-D4D0-4951-B0FA-AA2800217A43}.Release|Any CPU.Build.0 = Release|Any CPU
	EndGlobalSection
	GlobalSection(SolutionProperties) = preSolution
		HideSolutionNode = FALSE
	EndGlobalSection
	GlobalSection(ExtensibilityGlobals) = postSolution
		SolutionGuid = {612D5A22-4FFF-4F3E-8057-54EB93C09860}
	EndGlobalSection
EndGlobal
